
Microsoft Visual Studio Solution File, Format Version 11.00
# Visual Studio 2010
Project("{FAE04EC0-301F-11D3-BF4B-00C04F79EFBC}") = "EFHooks", "EFHooks\EFHooks.csproj", "{5F31DE6C-B0FE-4BD2-BBB0-A62F2E625145}"
EndProject
Project("{2150E333-8FDC-42A3-9474-1A3956D46DE8}") = "Solution Items", "Solution Items", "{01E37805-9920-4B4E-ADAF-53544B6DBA62}"
	ProjectSection(SolutionItems) = preProject
		README = README
	EndProjectSection
EndProject
Project("{FAE04EC0-301F-11D3-BF4B-00C04F79EFBC}") = "EFHooks.Tests", "EFHooks.Tests\EFHooks.Tests.csproj", "{6A0FBB1F-D953-4973-8D7A-D2654F0A2CA7}"
EndProject
Global
	GlobalSection(SolutionConfigurationPlatforms) = preSolution
		Debug|Any CPU = Debug|Any CPU
		Release|Any CPU = Release|Any CPU
	EndGlobalSection
	GlobalSection(ProjectConfigurationPlatforms) = postSolution
		{5F31DE6C-B0FE-4BD2-BBB0-A62F2E625145}.Debug|Any CPU.ActiveCfg = Debug|Any CPU
		{5F31DE6C-B0FE-4BD2-BBB0-A62F2E625145}.Debug|Any CPU.Build.0 = Debug|Any CPU
		{5F31DE6C-B0FE-4BD2-BBB0-A62F2E625145}.Release|Any CPU.ActiveCfg = Release|Any CPU
		{5F31DE6C-B0FE-4BD2-BBB0-A62F2E625145}.Release|Any CPU.Build.0 = Release|Any CPU
		{6A0FBB1F-D953-4973-8D7A-D2654F0A2CA7}.Debug|Any CPU.ActiveCfg = Debug|Any CPU
		{6A0FBB1F-D953-4973-8D7A-D2654F0A2CA7}.Debug|Any CPU.Build.0 = Debug|Any CPU
		{6A0FBB1F-D953-4973-8D7A-D2654F0A2CA7}.Release|Any CPU.ActiveCfg = Release|Any CPU
		{6A0FBB1F-D953-4973-8D7A-D2654F0A2CA7}.Release|Any CPU.Build.0 = Release|Any CPU
	EndGlobalSection
	GlobalSection(SolutionProperties) = preSolution
		HideSolutionNode = FALSE
	EndGlobalSection
EndGlobal
